// !$*UTF8*$!
{
	archiveVersion = 1;
	classes = {
	};
	objectVersion = 46;
	objects = {

/* Begin PBXBuildFile section */
		09ACD8E05A93E78A17DDBB59 /* Pods_CameraExampleUITests.framework in Frameworks */ = {isa = PBXBuildFile; fileRef = 05E5D4281EDEFE48ECE549FC /* Pods_CameraExampleUITests.framework */; };
		61859AFAC2F4CA2D596A3785 /* Pods_CameraExampleTests.framework in Frameworks */ = {isa = PBXBuildFile; fileRef = FC7705F516A26952A405FCC6 /* Pods_CameraExampleTests.framework */; };
		A840A3961D8AA12E00C12567 /* userClass.swift in Sources */ = {isa = PBXBuildFile; fileRef = A840A3951D8AA12E00C12567 /* userClass.swift */; };
		A840A3981D8BBADA00C12567 /* imageNode.swift in Sources */ = {isa = PBXBuildFile; fileRef = A840A3971D8BBADA00C12567 /* imageNode.swift */; };
		A84543031D69095C00A87648 /* ViewController2.swift in Sources */ = {isa = PBXBuildFile; fileRef = A84543021D69095C00A87648 /* ViewController2.swift */; };
		A84543051D69933F00A87648 /* QueueDefinition.swift in Sources */ = {isa = PBXBuildFile; fileRef = A84543041D69933F00A87648 /* QueueDefinition.swift */; };
		A84543061D69933F00A87648 /* QueueDefinition.swift in Sources */ = {isa = PBXBuildFile; fileRef = A84543041D69933F00A87648 /* QueueDefinition.swift */; };
		A84543081D69A6C500A87648 /* SetupImagesFromServer.swift in Sources */ = {isa = PBXBuildFile; fileRef = A84543071D69A6C500A87648 /* SetupImagesFromServer.swift */; };
		A84543091D69A6C500A87648 /* SetupImagesFromServer.swift in Sources */ = {isa = PBXBuildFile; fileRef = A84543071D69A6C500A87648 /* SetupImagesFromServer.swift */; };
		A8849BD51DA83E11008376B7 /* videoDirectory in Resources */ = {isa = PBXBuildFile; fileRef = A8849BD41DA83E11008376B7 /* videoDirectory */; };
		A8849BD71DA8413A008376B7 /* videoClass.swift in Sources */ = {isa = PBXBuildFile; fileRef = A8849BD61DA8413A008376B7 /* videoClass.swift */; };
		A895A6E01D2DB91800F85476 /* AppDelegate.swift in Sources */ = {isa = PBXBuildFile; fileRef = A895A6DF1D2DB91800F85476 /* AppDelegate.swift */; };
		A895A6E21D2DB91800F85476 /* ViewController.swift in Sources */ = {isa = PBXBuildFile; fileRef = A895A6E11D2DB91800F85476 /* ViewController.swift */; };
		A895A6E51D2DB91800F85476 /* Main.storyboard in Resources */ = {isa = PBXBuildFile; fileRef = A895A6E31D2DB91800F85476 /* Main.storyboard */; };
		A895A6E71D2DB91800F85476 /* Assets.xcassets in Resources */ = {isa = PBXBuildFile; fileRef = A895A6E61D2DB91800F85476 /* Assets.xcassets */; };
		A895A6EA1D2DB91800F85476 /* LaunchScreen.storyboard in Resources */ = {isa = PBXBuildFile; fileRef = A895A6E81D2DB91800F85476 /* LaunchScreen.storyboard */; };
		A895A6F51D2DB91800F85476 /* CameraExampleTests.swift in Sources */ = {isa = PBXBuildFile; fileRef = A895A6F41D2DB91800F85476 /* CameraExampleTests.swift */; };
		A895A7001D2DB91800F85476 /* CameraExampleUITests.swift in Sources */ = {isa = PBXBuildFile; fileRef = A895A6FF1D2DB91800F85476 /* CameraExampleUITests.swift */; };
		A8BC75A21D7A0D2400E4AA63 /* commentsViewController.swift in Sources */ = {isa = PBXBuildFile; fileRef = A8BC75A11D7A0D2400E4AA63 /* commentsViewController.swift */; };
		A8F84D621D738BBD001A5B55 /* PageViewController.swift in Sources */ = {isa = PBXBuildFile; fileRef = A8F84D611D738BBD001A5B55 /* PageViewController.swift */; };
		FBBCC9C5E2F209760B5BE1C1 /* Pods_CameraExample.framework in Frameworks */ = {isa = PBXBuildFile; fileRef = 8268C32B0CCB18C45FA5D0B6 /* Pods_CameraExample.framework */; };
/* End PBXBuildFile section */

/* Begin PBXContainerItemProxy section */
		A895A6F11D2DB91800F85476 /* PBXContainerItemProxy */ = {
			isa = PBXContainerItemProxy;
			containerPortal = A895A6D41D2DB91800F85476 /* Project object */;
			proxyType = 1;
			remoteGlobalIDString = A895A6DB1D2DB91800F85476;
			remoteInfo = CameraExample;
		};
		A895A6FC1D2DB91800F85476 /* PBXContainerItemProxy */ = {
			isa = PBXContainerItemProxy;
			containerPortal = A895A6D41D2DB91800F85476 /* Project object */;
			proxyType = 1;
			remoteGlobalIDString = A895A6DB1D2DB91800F85476;
			remoteInfo = CameraExample;
		};
/* End PBXContainerItemProxy section */

/* Begin PBXFileReference section */
		05E5D4281EDEFE48ECE549FC /* Pods_CameraExampleUITests.framework */ = {isa = PBXFileReference; explicitFileType = wrapper.framework; includeInIndex = 0; path = Pods_CameraExampleUITests.framework; sourceTree = BUILT_PRODUCTS_DIR; };
		0EE1FAD75FEF9E3617843749 /* Pods-CameraExample.debug.xcconfig */ = {isa = PBXFileReference; includeInIndex = 1; lastKnownFileType = text.xcconfig; name = "Pods-CameraExample.debug.xcconfig"; path = "Pods/Target Support Files/Pods-CameraExample/Pods-CameraExample.debug.xcconfig"; sourceTree = "<group>"; };
		1259F72DD4BE0B8312D4E0FC /* Pods-CameraExampleUITests.release.xcconfig */ = {isa = PBXFileReference; includeInIndex = 1; lastKnownFileType = text.xcconfig; name = "Pods-CameraExampleUITests.release.xcconfig"; path = "Pods/Target Support Files/Pods-CameraExampleUITests/Pods-CameraExampleUITests.release.xcconfig"; sourceTree = "<group>"; };
		5251B12137504145FB3DDB13 /* Pods-CameraExampleUITests.debug.xcconfig */ = {isa = PBXFileReference; includeInIndex = 1; lastKnownFileType = text.xcconfig; name = "Pods-CameraExampleUITests.debug.xcconfig"; path = "Pods/Target Support Files/Pods-CameraExampleUITests/Pods-CameraExampleUITests.debug.xcconfig"; sourceTree = "<group>"; };
		6942EADC8277F585F0C60810 /* Pods-CameraExample.release.xcconfig */ = {isa = PBXFileReference; includeInIndex = 1; lastKnownFileType = text.xcconfig; name = "Pods-CameraExample.release.xcconfig"; path = "Pods/Target Support Files/Pods-CameraExample/Pods-CameraExample.release.xcconfig"; sourceTree = "<group>"; };
		76F4B8A309041B94FE890247 /* Pods-CameraExampleTests.release.xcconfig */ = {isa = PBXFileReference; includeInIndex = 1; lastKnownFileType = text.xcconfig; name = "Pods-CameraExampleTests.release.xcconfig"; path = "Pods/Target Support Files/Pods-CameraExampleTests/Pods-CameraExampleTests.release.xcconfig"; sourceTree = "<group>"; };
		8268C32B0CCB18C45FA5D0B6 /* Pods_CameraExample.framework */ = {isa = PBXFileReference; explicitFileType = wrapper.framework; includeInIndex = 0; path = Pods_CameraExample.framework; sourceTree = BUILT_PRODUCTS_DIR; };
		A840A3951D8AA12E00C12567 /* userClass.swift */ = {isa = PBXFileReference; fileEncoding = 4; lastKnownFileType = sourcecode.swift; path = userClass.swift; sourceTree = "<group>"; };
		A840A3971D8BBADA00C12567 /* imageNode.swift */ = {isa = PBXFileReference; fileEncoding = 4; lastKnownFileType = sourcecode.swift; path = imageNode.swift; sourceTree = "<group>"; };
		A84543021D69095C00A87648 /* ViewController2.swift */ = {isa = PBXFileReference; fileEncoding = 4; lastKnownFileType = sourcecode.swift; path = ViewController2.swift; sourceTree = "<group>"; };
		A84543041D69933F00A87648 /* QueueDefinition.swift */ = {isa = PBXFileReference; fileEncoding = 4; lastKnownFileType = sourcecode.swift; path = QueueDefinition.swift; sourceTree = "<group>"; };
		A84543071D69A6C500A87648 /* SetupImagesFromServer.swift */ = {isa = PBXFileReference; fileEncoding = 4; lastKnownFileType = sourcecode.swift; path = SetupImagesFromServer.swift; sourceTree = "<group>"; };
		A8849BD41DA83E11008376B7 /* videoDirectory */ = {isa = PBXFileReference; lastKnownFileType = folder; name = videoDirectory; path = ../videoDirectory; sourceTree = "<group>"; };
		A8849BD61DA8413A008376B7 /* videoClass.swift */ = {isa = PBXFileReference; fileEncoding = 4; lastKnownFileType = sourcecode.swift; path = videoClass.swift; sourceTree = "<group>"; };
		A895A6DC1D2DB91800F85476 /* CameraExample.app */ = {isa = PBXFileReference; explicitFileType = wrapper.application; includeInIndex = 0; path = CameraExample.app; sourceTree = BUILT_PRODUCTS_DIR; };
		A895A6DF1D2DB91800F85476 /* AppDelegate.swift */ = {isa = PBXFileReference; lastKnownFileType = sourcecode.swift; path = AppDelegate.swift; sourceTree = "<group>"; };
		A895A6E11D2DB91800F85476 /* ViewController.swift */ = {isa = PBXFileReference; lastKnownFileType = sourcecode.swift; path = ViewController.swift; sourceTree = "<group>"; };
		A895A6E41D2DB91800F85476 /* Base */ = {isa = PBXFileReference; lastKnownFileType = file.storyboard; name = Base; path = Base.lproj/Main.storyboard; sourceTree = "<group>"; };
		A895A6E61D2DB91800F85476 /* Assets.xcassets */ = {isa = PBXFileReference; lastKnownFileType = folder.assetcatalog; path = Assets.xcassets; sourceTree = "<group>"; };
		A895A6E91D2DB91800F85476 /* Base */ = {isa = PBXFileReference; lastKnownFileType = file.storyboard; name = Base; path = Base.lproj/LaunchScreen.storyboard; sourceTree = "<group>"; };
		A895A6EB1D2DB91800F85476 /* Info.plist */ = {isa = PBXFileReference; lastKnownFileType = text.plist.xml; path = Info.plist; sourceTree = "<group>"; };
		A895A6F01D2DB91800F85476 /* CameraExampleTests.xctest */ = {isa = PBXFileReference; explicitFileType = wrapper.cfbundle; includeInIndex = 0; path = CameraExampleTests.xctest; sourceTree = BUILT_PRODUCTS_DIR; };
		A895A6F41D2DB91800F85476 /* CameraExampleTests.swift */ = {isa = PBXFileReference; lastKnownFileType = sourcecode.swift; path = CameraExampleTests.swift; sourceTree = "<group>"; };
		A895A6F61D2DB91800F85476 /* Info.plist */ = {isa = PBXFileReference; lastKnownFileType = text.plist.xml; path = Info.plist; sourceTree = "<group>"; };
		A895A6FB1D2DB91800F85476 /* CameraExampleUITests.xctest */ = {isa = PBXFileReference; explicitFileType = wrapper.cfbundle; includeInIndex = 0; path = CameraExampleUITests.xctest; sourceTree = BUILT_PRODUCTS_DIR; };
		A895A6FF1D2DB91800F85476 /* CameraExampleUITests.swift */ = {isa = PBXFileReference; lastKnownFileType = sourcecode.swift; path = CameraExampleUITests.swift; sourceTree = "<group>"; };
		A895A7011D2DB91800F85476 /* Info.plist */ = {isa = PBXFileReference; lastKnownFileType = text.plist.xml; path = Info.plist; sourceTree = "<group>"; };
		A8BC75A11D7A0D2400E4AA63 /* commentsViewController.swift */ = {isa = PBXFileReference; fileEncoding = 4; lastKnownFileType = sourcecode.swift; path = commentsViewController.swift; sourceTree = "<group>"; };
		A8F84D611D738BBD001A5B55 /* PageViewController.swift */ = {isa = PBXFileReference; fileEncoding = 4; lastKnownFileType = sourcecode.swift; path = PageViewController.swift; sourceTree = "<group>"; };
		AB3DDC6E3EE92324943555EB /* Pods-CameraExampleTests.debug.xcconfig */ = {isa = PBXFileReference; includeInIndex = 1; lastKnownFileType = text.xcconfig; name = "Pods-CameraExampleTests.debug.xcconfig"; path = "Pods/Target Support Files/Pods-CameraExampleTests/Pods-CameraExampleTests.debug.xcconfig"; sourceTree = "<group>"; };
		FC7705F516A26952A405FCC6 /* Pods_CameraExampleTests.framework */ = {isa = PBXFileReference; explicitFileType = wrapper.framework; includeInIndex = 0; path = Pods_CameraExampleTests.framework; sourceTree = BUILT_PRODUCTS_DIR; };
/* End PBXFileReference section */

/* Begin PBXFrameworksBuildPhase section */
		A895A6D91D2DB91800F85476 /* Frameworks */ = {
			isa = PBXFrameworksBuildPhase;
			buildActionMask = 2147483647;
			files = (
				FBBCC9C5E2F209760B5BE1C1 /* Pods_CameraExample.framework in Frameworks */,
			);
			runOnlyForDeploymentPostprocessing = 0;
		};
		A895A6ED1D2DB91800F85476 /* Frameworks */ = {
			isa = PBXFrameworksBuildPhase;
			buildActionMask = 2147483647;
			files = (
				61859AFAC2F4CA2D596A3785 /* Pods_CameraExampleTests.framework in Frameworks */,
			);
			runOnlyForDeploymentPostprocessing = 0;
		};
		A895A6F81D2DB91800F85476 /* Frameworks */ = {
			isa = PBXFrameworksBuildPhase;
			buildActionMask = 2147483647;
			files = (
				09ACD8E05A93E78A17DDBB59 /* Pods_CameraExampleUITests.framework in Frameworks */,
			);
			runOnlyForDeploymentPostprocessing = 0;
		};
/* End PBXFrameworksBuildPhase section */

/* Begin PBXGroup section */
		92E460D79964349AA691E391 /* Pods */ = {
			isa = PBXGroup;
			children = (
				0EE1FAD75FEF9E3617843749 /* Pods-CameraExample.debug.xcconfig */,
				6942EADC8277F585F0C60810 /* Pods-CameraExample.release.xcconfig */,
				AB3DDC6E3EE92324943555EB /* Pods-CameraExampleTests.debug.xcconfig */,
				76F4B8A309041B94FE890247 /* Pods-CameraExampleTests.release.xcconfig */,
				5251B12137504145FB3DDB13 /* Pods-CameraExampleUITests.debug.xcconfig */,
				1259F72DD4BE0B8312D4E0FC /* Pods-CameraExampleUITests.release.xcconfig */,
			);
			name = Pods;
			sourceTree = "<group>";
		};
		A895A6D31D2DB91800F85476 = {
			isa = PBXGroup;
			children = (
				A895A6DE1D2DB91800F85476 /* CameraExample */,
				A895A6F31D2DB91800F85476 /* CameraExampleTests */,
				A895A6FE1D2DB91800F85476 /* CameraExampleUITests */,
				A895A6DD1D2DB91800F85476 /* Products */,
				92E460D79964349AA691E391 /* Pods */,
				BDE9B900EB33EE1EBA37D755 /* Frameworks */,
			);
			sourceTree = "<group>";
		};
		A895A6DD1D2DB91800F85476 /* Products */ = {
			isa = PBXGroup;
			children = (
				A895A6DC1D2DB91800F85476 /* CameraExample.app */,
				A895A6F01D2DB91800F85476 /* CameraExampleTests.xctest */,
				A895A6FB1D2DB91800F85476 /* CameraExampleUITests.xctest */,
			);
			name = Products;
			sourceTree = "<group>";
		};
		A895A6DE1D2DB91800F85476 /* CameraExample */ = {
			isa = PBXGroup;
			children = (
				A8849BD41DA83E11008376B7 /* videoDirectory */,
				A84543021D69095C00A87648 /* ViewController2.swift */,
				A840A3971D8BBADA00C12567 /* imageNode.swift */,
				A840A3951D8AA12E00C12567 /* userClass.swift */,
				A84543071D69A6C500A87648 /* SetupImagesFromServer.swift */,
				A895A6DF1D2DB91800F85476 /* AppDelegate.swift */,
				A895A6E11D2DB91800F85476 /* ViewController.swift */,
				A895A6E31D2DB91800F85476 /* Main.storyboard */,
				A8BC75A11D7A0D2400E4AA63 /* commentsViewController.swift */,
				A8F84D611D738BBD001A5B55 /* PageViewController.swift */,
				A84543041D69933F00A87648 /* QueueDefinition.swift */,
				A895A6E61D2DB91800F85476 /* Assets.xcassets */,
				A895A6E81D2DB91800F85476 /* LaunchScreen.storyboard */,
				A895A6EB1D2DB91800F85476 /* Info.plist */,
				A8849BD61DA8413A008376B7 /* videoClass.swift */,
			);
			path = CameraExample;
			sourceTree = "<group>";
		};
		A895A6F31D2DB91800F85476 /* CameraExampleTests */ = {
			isa = PBXGroup;
			children = (
				A895A6F41D2DB91800F85476 /* CameraExampleTests.swift */,
				A895A6F61D2DB91800F85476 /* Info.plist */,
			);
			path = CameraExampleTests;
			sourceTree = "<group>";
		};
		A895A6FE1D2DB91800F85476 /* CameraExampleUITests */ = {
			isa = PBXGroup;
			children = (
				A895A6FF1D2DB91800F85476 /* CameraExampleUITests.swift */,
				A895A7011D2DB91800F85476 /* Info.plist */,
			);
			path = CameraExampleUITests;
			sourceTree = "<group>";
		};
		BDE9B900EB33EE1EBA37D755 /* Frameworks */ = {
			isa = PBXGroup;
			children = (
				8268C32B0CCB18C45FA5D0B6 /* Pods_CameraExample.framework */,
				FC7705F516A26952A405FCC6 /* Pods_CameraExampleTests.framework */,
				05E5D4281EDEFE48ECE549FC /* Pods_CameraExampleUITests.framework */,
			);
			name = Frameworks;
			sourceTree = "<group>";
		};
/* End PBXGroup section */

/* Begin PBXNativeTarget section */
		A895A6DB1D2DB91800F85476 /* CameraExample */ = {
			isa = PBXNativeTarget;
			buildConfigurationList = A895A7041D2DB91800F85476 /* Build configuration list for PBXNativeTarget "CameraExample" */;
			buildPhases = (
				31876BE9CEBF594A113DEB29 /* [CP] Check Pods Manifest.lock */,
				A895A6D81D2DB91800F85476 /* Sources */,
				A895A6D91D2DB91800F85476 /* Frameworks */,
				A895A6DA1D2DB91800F85476 /* Resources */,
				E41EDA9B9F4A2820868C07DF /* [CP] Embed Pods Frameworks */,
				F87AB1CC1D730B77BC261B5F /* [CP] Copy Pods Resources */,
			);
			buildRules = (
			);
			dependencies = (
			);
			name = CameraExample;
			productName = CameraExample;
			productReference = A895A6DC1D2DB91800F85476 /* CameraExample.app */;
			productType = "com.apple.product-type.application";
		};
		A895A6EF1D2DB91800F85476 /* CameraExampleTests */ = {
			isa = PBXNativeTarget;
			buildConfigurationList = A895A7071D2DB91800F85476 /* Build configuration list for PBXNativeTarget "CameraExampleTests" */;
			buildPhases = (
				1B815277AB6E9F64DEFB6D0C /* [CP] Check Pods Manifest.lock */,
				A895A6EC1D2DB91800F85476 /* Sources */,
				A895A6ED1D2DB91800F85476 /* Frameworks */,
				A895A6EE1D2DB91800F85476 /* Resources */,
				7406A655ECE07097362CE2C4 /* [CP] Embed Pods Frameworks */,
				62DA7BF8F1ECAABC5BF40AE2 /* [CP] Copy Pods Resources */,
			);
			buildRules = (
			);
			dependencies = (
				A895A6F21D2DB91800F85476 /* PBXTargetDependency */,
			);
			name = CameraExampleTests;
			productName = CameraExampleTests;
			productReference = A895A6F01D2DB91800F85476 /* CameraExampleTests.xctest */;
			productType = "com.apple.product-type.bundle.unit-test";
		};
		A895A6FA1D2DB91800F85476 /* CameraExampleUITests */ = {
			isa = PBXNativeTarget;
			buildConfigurationList = A895A70A1D2DB91800F85476 /* Build configuration list for PBXNativeTarget "CameraExampleUITests" */;
			buildPhases = (
				4AC57C2E4161D0C65EB88D7E /* [CP] Check Pods Manifest.lock */,
				A895A6F71D2DB91800F85476 /* Sources */,
				A895A6F81D2DB91800F85476 /* Frameworks */,
				A895A6F91D2DB91800F85476 /* Resources */,
				D0729129FC4188E273FDFD6F /* [CP] Copy Pods Resources */,
			);
			buildRules = (
			);
			dependencies = (
				A895A6FD1D2DB91800F85476 /* PBXTargetDependency */,
			);
			name = CameraExampleUITests;
			productName = CameraExampleUITests;
			productReference = A895A6FB1D2DB91800F85476 /* CameraExampleUITests.xctest */;
			productType = "com.apple.product-type.bundle.ui-testing";
		};
/* End PBXNativeTarget section */

/* Begin PBXProject section */
		A895A6D41D2DB91800F85476 /* Project object */ = {
			isa = PBXProject;
			attributes = {
				LastSwiftUpdateCheck = 0720;
				LastUpgradeCheck = 0720;
				ORGANIZATIONNAME = RyanKnauer;
				TargetAttributes = {
					A895A6DB1D2DB91800F85476 = {
						CreatedOnToolsVersion = 7.2.1;
						DevelopmentTeam = H2K8BR3S4K;
					};
					A895A6EF1D2DB91800F85476 = {
						CreatedOnToolsVersion = 7.2.1;
						DevelopmentTeam = H2K8BR3S4K;
						TestTargetID = A895A6DB1D2DB91800F85476;
					};
					A895A6FA1D2DB91800F85476 = {
						CreatedOnToolsVersion = 7.2.1;
						DevelopmentTeam = H2K8BR3S4K;
						TestTargetID = A895A6DB1D2DB91800F85476;
					};
				};
			};
			buildConfigurationList = A895A6D71D2DB91800F85476 /* Build configuration list for PBXProject "CameraExample" */;
			compatibilityVersion = "Xcode 3.2";
			developmentRegion = English;
			hasScannedForEncodings = 0;
			knownRegions = (
				en,
				Base,
			);
			mainGroup = A895A6D31D2DB91800F85476;
			productRefGroup = A895A6DD1D2DB91800F85476 /* Products */;
			projectDirPath = "";
			projectRoot = "";
			targets = (
				A895A6DB1D2DB91800F85476 /* CameraExample */,
				A895A6EF1D2DB91800F85476 /* CameraExampleTests */,
				A895A6FA1D2DB91800F85476 /* CameraExampleUITests */,
			);
		};
/* End PBXProject section */

/* Begin PBXResourcesBuildPhase section */
		A895A6DA1D2DB91800F85476 /* Resources */ = {
			isa = PBXResourcesBuildPhase;
			buildActionMask = 2147483647;
			files = (
				A895A6EA1D2DB91800F85476 /* LaunchScreen.storyboard in Resources */,
				A895A6E71D2DB91800F85476 /* Assets.xcassets in Resources */,
				A8849BD51DA83E11008376B7 /* videoDirectory in Resources */,
				A895A6E51D2DB91800F85476 /* Main.storyboard in Resources */,
			);
			runOnlyForDeploymentPostprocessing = 0;
		};
		A895A6EE1D2DB91800F85476 /* Resources */ = {
			isa = PBXResourcesBuildPhase;
			buildActionMask = 2147483647;
			files = (
			);
			runOnlyForDeploymentPostprocessing = 0;
		};
		A895A6F91D2DB91800F85476 /* Resources */ = {
			isa = PBXResourcesBuildPhase;
			buildActionMask = 2147483647;
			files = (
			);
			runOnlyForDeploymentPostprocessing = 0;
		};
/* End PBXResourcesBuildPhase section */

/* Begin PBXShellScriptBuildPhase section */
		1B815277AB6E9F64DEFB6D0C /* [CP] Check Pods Manifest.lock */ = {
			isa = PBXShellScriptBuildPhase;
			buildActionMask = 2147483647;
			files = (
			);
			inputPaths = (
			);
			name = "[CP] Check Pods Manifest.lock";
			outputPaths = (
			);
			runOnlyForDeploymentPostprocessing = 0;
			shellPath = /bin/sh;
			shellScript = "diff \"${PODS_ROOT}/../Podfile.lock\" \"${PODS_ROOT}/Manifest.lock\" > /dev/null\nif [[ $? != 0 ]] ; then\n    cat << EOM\nerror: The sandbox is not in sync with the Podfile.lock. Run 'pod install' or update your CocoaPods installation.\nEOM\n    exit 1\nfi\n";
			showEnvVarsInLog = 0;
		};
		31876BE9CEBF594A113DEB29 /* [CP] Check Pods Manifest.lock */ = {
			isa = PBXShellScriptBuildPhase;
			buildActionMask = 2147483647;
			files = (
			);
			inputPaths = (
			);
			name = "[CP] Check Pods Manifest.lock";
			outputPaths = (
			);
			runOnlyForDeploymentPostprocessing = 0;
			shellPath = /bin/sh;
			shellScript = "diff \"${PODS_ROOT}/../Podfile.lock\" \"${PODS_ROOT}/Manifest.lock\" > /dev/null\nif [[ $? != 0 ]] ; then\n    cat << EOM\nerror: The sandbox is not in sync with the Podfile.lock. Run 'pod install' or update your CocoaPods installation.\nEOM\n    exit 1\nfi\n";
			showEnvVarsInLog = 0;
		};
		4AC57C2E4161D0C65EB88D7E /* [CP] Check Pods Manifest.lock */ = {
			isa = PBXShellScriptBuildPhase;
			buildActionMask = 2147483647;
			files = (
			);
			inputPaths = (
			);
			name = "[CP] Check Pods Manifest.lock";
			outputPaths = (
			);
			runOnlyForDeploymentPostprocessing = 0;
			shellPath = /bin/sh;
			shellScript = "diff \"${PODS_ROOT}/../Podfile.lock\" \"${PODS_ROOT}/Manifest.lock\" > /dev/null\nif [[ $? != 0 ]] ; then\n    cat << EOM\nerror: The sandbox is not in sync with the Podfile.lock. Run 'pod install' or update your CocoaPods installation.\nEOM\n    exit 1\nfi\n";
			showEnvVarsInLog = 0;
		};
		62DA7BF8F1ECAABC5BF40AE2 /* [CP] Copy Pods Resources */ = {
			isa = PBXShellScriptBuildPhase;
			buildActionMask = 2147483647;
			files = (
			);
			inputPaths = (
			);
			name = "[CP] Copy Pods Resources";
			outputPaths = (
			);
			runOnlyForDeploymentPostprocessing = 0;
			shellPath = /bin/sh;
			shellScript = "\"${SRCROOT}/Pods/Target Support Files/Pods-CameraExampleTests/Pods-CameraExampleTests-resources.sh\"\n";
			showEnvVarsInLog = 0;
		};
		7406A655ECE07097362CE2C4 /* [CP] Embed Pods Frameworks */ = {
			isa = PBXShellScriptBuildPhase;
			buildActionMask = 2147483647;
			files = (
			);
			inputPaths = (
			);
			name = "[CP] Embed Pods Frameworks";
			outputPaths = (
			);
			runOnlyForDeploymentPostprocessing = 0;
			shellPath = /bin/sh;
			shellScript = "\"${SRCROOT}/Pods/Target Support Files/Pods-CameraExampleTests/Pods-CameraExampleTests-frameworks.sh\"\n";
			showEnvVarsInLog = 0;
		};
		D0729129FC4188E273FDFD6F /* [CP] Copy Pods Resources */ = {
			isa = PBXShellScriptBuildPhase;
			buildActionMask = 2147483647;
			files = (
			);
			inputPaths = (
			);
			name = "[CP] Copy Pods Resources";
			outputPaths = (
			);
			runOnlyForDeploymentPostprocessing = 0;
			shellPath = /bin/sh;
			shellScript = "\"${SRCROOT}/Pods/Target Support Files/Pods-CameraExampleUITests/Pods-CameraExampleUITests-resources.sh\"\n";
			showEnvVarsInLog = 0;
		};
		E41EDA9B9F4A2820868C07DF /* [CP] Embed Pods Frameworks */ = {
			isa = PBXShellScriptBuildPhase;
			buildActionMask = 2147483647;
			files = (
			);
			inputPaths = (
			);
			name = "[CP] Embed Pods Frameworks";
			outputPaths = (
			);
			runOnlyForDeploymentPostprocessing = 0;
			shellPath = /bin/sh;
			shellScript = "\"${SRCROOT}/Pods/Target Support Files/Pods-CameraExample/Pods-CameraExample-frameworks.sh\"\n";
			showEnvVarsInLog = 0;
		};
		F87AB1CC1D730B77BC261B5F /* [CP] Copy Pods Resources */ = {
			isa = PBXShellScriptBuildPhase;
			buildActionMask = 2147483647;
			files = (
			);
			inputPaths = (
			);
			name = "[CP] Copy Pods Resources";
			outputPaths = (
			);
			runOnlyForDeploymentPostprocessing = 0;
			shellPath = /bin/sh;
			shellScript = "\"${SRCROOT}/Pods/Target Support Files/Pods-CameraExample/Pods-CameraExample-resources.sh\"\n";
			showEnvVarsInLog = 0;
		};
/* End PBXShellScriptBuildPhase section */

/* Begin PBXSourcesBuildPhase section */
		A895A6D81D2DB91800F85476 /* Sources */ = {
			isa = PBXSourcesBuildPhase;
			buildActionMask = 2147483647;
			files = (
				A840A3961D8AA12E00C12567 /* userClass.swift in Sources */,
				A84543081D69A6C500A87648 /* SetupImagesFromServer.swift in Sources */,
				A8BC75A21D7A0D2400E4AA63 /* commentsViewController.swift in Sources */,
				A895A6E21D2DB91800F85476 /* ViewController.swift in Sources */,
				A895A6E01D2DB91800F85476 /* AppDelegate.swift in Sources */,
				A8F84D621D738BBD001A5B55 /* PageViewController.swift in Sources */,
				A840A3981D8BBADA00C12567 /* imageNode.swift in Sources */,
				A84543051D69933F00A87648 /* QueueDefinition.swift in Sources */,
				A8849BD71DA8413A008376B7 /* videoClass.swift in Sources */,
				A84543031D69095C00A87648 /* ViewController2.swift in Sources */,
			);
			runOnlyForDeploymentPostprocessing = 0;
		};
		A895A6EC1D2DB91800F85476 /* Sources */ = {
			isa = PBXSourcesBuildPhase;
			buildActionMask = 2147483647;
			files = (
				A84543061D69933F00A87648 /* QueueDefinition.swift in Sources */,
				A84543091D69A6C500A87648 /* SetupImagesFromServer.swift in Sources */,
				A895A6F51D2DB91800F85476 /* CameraExampleTests.swift in Sources */,
			);
			runOnlyForDeploymentPostprocessing = 0;
		};
		A895A6F71D2DB91800F85476 /* Sources */ = {
			isa = PBXSourcesBuildPhase;
			buildActionMask = 2147483647;
			files = (
				A895A7001D2DB91800F85476 /* CameraExampleUITests.swift in Sources */,
			);
			runOnlyForDeploymentPostprocessing = 0;
		};
/* End PBXSourcesBuildPhase section */

/* Begin PBXTargetDependency section */
		A895A6F21D2DB91800F85476 /* PBXTargetDependency */ = {
			isa = PBXTargetDependency;
			target = A895A6DB1D2DB91800F85476 /* CameraExample */;
			targetProxy = A895A6F11D2DB91800F85476 /* PBXContainerItemProxy */;
		};
		A895A6FD1D2DB91800F85476 /* PBXTargetDependency */ = {
			isa = PBXTargetDependency;
			target = A895A6DB1D2DB91800F85476 /* CameraExample */;
			targetProxy = A895A6FC1D2DB91800F85476 /* PBXContainerItemProxy */;
		};
/* End PBXTargetDependency section */

/* Begin PBXVariantGroup section */
		A895A6E31D2DB91800F85476 /* Main.storyboard */ = {
			isa = PBXVariantGroup;
			children = (
				A895A6E41D2DB91800F85476 /* Base */,
			);
			name = Main.storyboard;
			sourceTree = "<group>";
		};
		A895A6E81D2DB91800F85476 /* LaunchScreen.storyboard */ = {
			isa = PBXVariantGroup;
			children = (
				A895A6E91D2DB91800F85476 /* Base */,
			);
			name = LaunchScreen.storyboard;
			sourceTree = "<group>";
		};
/* End PBXVariantGroup section */

/* Begin XCBuildConfiguration section */
		A895A7021D2DB91800F85476 /* Debug */ = {
			isa = XCBuildConfiguration;
			buildSettings = {
				ALWAYS_SEARCH_USER_PATHS = NO;
				CLANG_CXX_LANGUAGE_STANDARD = "gnu++0x";
				CLANG_CXX_LIBRARY = "libc++";
				CLANG_ENABLE_MODULES = YES;
				CLANG_ENABLE_OBJC_ARC = YES;
				CLANG_WARN_BOOL_CONVERSION = YES;
				CLANG_WARN_CONSTANT_CONVERSION = YES;
				CLANG_WARN_DIRECT_OBJC_ISA_USAGE = YES_ERROR;
				CLANG_WARN_EMPTY_BODY = YES;
				CLANG_WARN_ENUM_CONVERSION = YES;
				CLANG_WARN_INT_CONVERSION = YES;
				CLANG_WARN_OBJC_ROOT_CLASS = YES_ERROR;
				CLANG_WARN_UNREACHABLE_CODE = YES;
				CLANG_WARN__DUPLICATE_METHOD_MATCH = YES;
				"CODE_SIGN_IDENTITY[sdk=iphoneos*]" = "iPhone Developer";
				COPY_PHASE_STRIP = NO;
				DEBUG_INFORMATION_FORMAT = dwarf;
				ENABLE_STRICT_OBJC_MSGSEND = YES;
				ENABLE_TESTABILITY = YES;
				GCC_C_LANGUAGE_STANDARD = gnu99;
				GCC_DYNAMIC_NO_PIC = NO;
				GCC_NO_COMMON_BLOCKS = YES;
				GCC_OPTIMIZATION_LEVEL = 0;
				GCC_PREPROCESSOR_DEFINITIONS = (
					"DEBUG=1",
					"$(inherited)",
				);
				GCC_WARN_64_TO_32_BIT_CONVERSION = YES;
				GCC_WARN_ABOUT_RETURN_TYPE = YES_ERROR;
				GCC_WARN_UNDECLARED_SELECTOR = YES;
				GCC_WARN_UNINITIALIZED_AUTOS = YES_AGGRESSIVE;
				GCC_WARN_UNUSED_FUNCTION = YES;
				GCC_WARN_UNUSED_VARIABLE = YES;
				IPHONEOS_DEPLOYMENT_TARGET = 9.2;
				MTL_ENABLE_DEBUG_INFO = YES;
				ONLY_ACTIVE_ARCH = YES;
				SDKROOT = iphoneos;
				SWIFT_OPTIMIZATION_LEVEL = "-Onone";
			};
			name = Debug;
		};
		A895A7031D2DB91800F85476 /* Release */ = {
			isa = XCBuildConfiguration;
			buildSettings = {
				ALWAYS_SEARCH_USER_PATHS = NO;
				CLANG_CXX_LANGUAGE_STANDARD = "gnu++0x";
				CLANG_CXX_LIBRARY = "libc++";
				CLANG_ENABLE_MODULES = YES;
				CLANG_ENABLE_OBJC_ARC = YES;
				CLANG_WARN_BOOL_CONVERSION = YES;
				CLANG_WARN_CONSTANT_CONVERSION = YES;
				CLANG_WARN_DIRECT_OBJC_ISA_USAGE = YES_ERROR;
				CLANG_WARN_EMPTY_BODY = YES;
				CLANG_WARN_ENUM_CONVERSION = YES;
				CLANG_WARN_INT_CONVERSION = YES;
				CLANG_WARN_OBJC_ROOT_CLASS = YES_ERROR;
				CLANG_WARN_UNREACHABLE_CODE = YES;
				CLANG_WARN__DUPLICATE_METHOD_MATCH = YES;
				"CODE_SIGN_IDENTITY[sdk=iphoneos*]" = "iPhone Developer";
				COPY_PHASE_STRIP = NO;
				DEBUG_INFORMATION_FORMAT = "dwarf-with-dsym";
				ENABLE_NS_ASSERTIONS = NO;
				ENABLE_STRICT_OBJC_MSGSEND = YES;
				GCC_C_LANGUAGE_STANDARD = gnu99;
				GCC_NO_COMMON_BLOCKS = YES;
				GCC_WARN_64_TO_32_BIT_CONVERSION = YES;
				GCC_WARN_ABOUT_RETURN_TYPE = YES_ERROR;
				GCC_WARN_UNDECLARED_SELECTOR = YES;
				GCC_WARN_UNINITIALIZED_AUTOS = YES_AGGRESSIVE;
				GCC_WARN_UNUSED_FUNCTION = YES;
				GCC_WARN_UNUSED_VARIABLE = YES;
				IPHONEOS_DEPLOYMENT_TARGET = 9.2;
				MTL_ENABLE_DEBUG_INFO = NO;
				SDKROOT = iphoneos;
				VALIDATE_PRODUCT = YES;
			};
			name = Release;
		};
		A895A7051D2DB91800F85476 /* Debug */ = {
			isa = XCBuildConfiguration;
			baseConfigurationReference = 0EE1FAD75FEF9E3617843749 /* Pods-CameraExample.debug.xcconfig */;
			buildSettings = {
				ASSETCATALOG_COMPILER_APPICON_NAME = AppIcon;
				INFOPLIST_FILE = CameraExample/Info.plist;
				IPHONEOS_DEPLOYMENT_TARGET = 8.4;
				LD_RUNPATH_SEARCH_PATHS = "$(inherited) @executable_path/Frameworks";
				PRODUCT_BUNDLE_IDENTIFIER = com.ryan.CameraExample;
				PRODUCT_NAME = "$(TARGET_NAME)";
			};
			name = Debug;
		};
		A895A7061D2DB91800F85476 /* Release */ = {
			isa = XCBuildConfiguration;
			baseConfigurationReference = 6942EADC8277F585F0C60810 /* Pods-CameraExample.release.xcconfig */;
			buildSettings = {
				ASSETCATALOG_COMPILER_APPICON_NAME = AppIcon;
				INFOPLIST_FILE = CameraExample/Info.plist;
				IPHONEOS_DEPLOYMENT_TARGET = 8.4;
				LD_RUNPATH_SEARCH_PATHS = "$(inherited) @executable_path/Frameworks";
				PRODUCT_BUNDLE_IDENTIFIER = com.ryan.CameraExample;
				PRODUCT_NAME = "$(TARGET_NAME)";
			};
			name = Release;
		};
		A895A7081D2DB91800F85476 /* Debug */ = {
			isa = XCBuildConfiguration;
			baseConfigurationReference = AB3DDC6E3EE92324943555EB /* Pods-CameraExampleTests.debug.xcconfig */;
			buildSettings = {
				BUNDLE_LOADER = "$(TEST_HOST)";
				INFOPLIST_FILE = CameraExampleTests/Info.plist;
				LD_RUNPATH_SEARCH_PATHS = "$(inherited) @executable_path/Frameworks @loader_path/Frameworks";
				PRODUCT_BUNDLE_IDENTIFIER = com.ryan.CameraExampleTests;
				PRODUCT_NAME = "$(TARGET_NAME)";
				TEST_HOST = "$(BUILT_PRODUCTS_DIR)/CameraExample.app/CameraExample";
			};
			name = Debug;
		};
		A895A7091D2DB91800F85476 /* Release */ = {
			isa = XCBuildConfiguration;
			baseConfigurationReference = 76F4B8A309041B94FE890247 /* Pods-CameraExampleTests.release.xcconfig */;
			buildSettings = {
				BUNDLE_LOADER = "$(TEST_HOST)";
				INFOPLIST_FILE = CameraExampleTests/Info.plist;
				LD_RUNPATH_SEARCH_PATHS = "$(inherited) @executable_path/Frameworks @loader_path/Frameworks";
				PRODUCT_BUNDLE_IDENTIFIER = com.ryan.CameraExampleTests;
				PRODUCT_NAME = "$(TARGET_NAME)";
				TEST_HOST = "$(BUILT_PRODUCTS_DIR)/CameraExample.app/CameraExample";
			};
			name = Release;
		};
		A895A70B1D2DB91800F85476 /* Debug */ = {
			isa = XCBuildConfiguration;
			baseConfigurationReference = 5251B12137504145FB3DDB13 /* Pods-CameraExampleUITests.debug.xcconfig */;
			buildSettings = {
				INFOPLIST_FILE = CameraExampleUITests/Info.plist;
				LD_RUNPATH_SEARCH_PATHS = "$(inherited) @executable_path/Frameworks @loader_path/Frameworks";
				PRODUCT_BUNDLE_IDENTIFIER = com.ryan.CameraExampleUITests;
				PRODUCT_NAME = "$(TARGET_NAME)";
				TEST_TARGET_NAME = CameraExample;
				USES_XCTRUNNER = YES;
			};
			name = Debug;
		};
		A895A70C1D2DB91800F85476 /* Release */ = {
			isa = XCBuildConfiguration;
			baseConfigurationReference = 1259F72DD4BE0B8312D4E0FC /* Pods-CameraExampleUITests.release.xcconfig */;
			buildSettings = {
				INFOPLIST_FILE = CameraExampleUITests/Info.plist;
				LD_RUNPATH_SEARCH_PATHS = "$(inherited) @executable_path/Frameworks @loader_path/Frameworks";
				PRODUCT_BUNDLE_IDENTIFIER = com.ryan.CameraExampleUITests;
				PRODUCT_NAME = "$(TARGET_NAME)";
				TEST_TARGET_NAME = CameraExample;
				USES_XCTRUNNER = YES;
			};
			name = Release;
		};
/* End XCBuildConfiguration section */

/* Begin XCConfigurationList section */
		A895A6D71D2DB91800F85476 /* Build configuration list for PBXProject "CameraExample" */ = {
			isa = XCConfigurationList;
			buildConfigurations = (
				A895A7021D2DB91800F85476 /* Debug */,
				A895A7031D2DB91800F85476 /* Release */,
			);
			defaultConfigurationIsVisible = 0;
			defaultConfigurationName = Release;
		};
		A895A7041D2DB91800F85476 /* Build configuration list for PBXNativeTarget "CameraExample" */ = {
			isa = XCConfigurationList;
			buildConfigurations = (
				A895A7051D2DB91800F85476 /* Debug */,
				A895A7061D2DB91800F85476 /* Release */,
			);
			defaultConfigurationIsVisible = 0;
			defaultConfigurationName = Release;
		};
		A895A7071D2DB91800F85476 /* Build configuration list for PBXNativeTarget "CameraExampleTests" */ = {
			isa = XCConfigurationList;
			buildConfigurations = (
				A895A7081D2DB91800F85476 /* Debug */,
				A895A7091D2DB91800F85476 /* Release */,
			);
			defaultConfigurationIsVisible = 0;
			defaultConfigurationName = Release;
		};
		A895A70A1D2DB91800F85476 /* Build configuration list for PBXNativeTarget "CameraExampleUITests" */ = {
			isa = XCConfigurationList;
			buildConfigurations = (
				A895A70B1D2DB91800F85476 /* Debug */,
				A895A70C1D2DB91800F85476 /* Release */,
			);
			defaultConfigurationIsVisible = 0;
			defaultConfigurationName = Release;
		};
/* End XCConfigurationList section */
	};
	rootObject = A895A6D41D2DB91800F85476 /* Project object */;
}
